
Microsoft Visual Studio Solution File, Format Version 12.00
# Visual Studio Version 16
VisualStudioVersion = 16.0.29911.84
MinimumVisualStudioVersion = 10.0.40219.1
Project("{FAE04EC0-301F-11D3-BF4B-00C04F79EFBC}") = "Base_Number_Conversion", "Base_Number_Conversion\Base_Number_Conversion.csproj", "{7E0327ED-4E98-4DDD-A966-4130F5311270}"
EndProject
Global
	GlobalSection(SolutionConfigurationPlatforms) = preSolution
		Debug|Any CPU = Debug|Any CPU
		Release|Any CPU = Release|Any CPU
	EndGlobalSection
	GlobalSection(ProjectConfigurationPlatforms) = postSolution
		{7E0327ED-4E98-4DDD-A966-4130F5311270}.Debug|Any CPU.ActiveCfg = Debug|Any CPU
		{7E0327ED-4E98-4DDD-A966-4130F5311270}.Debug|Any CPU.Build.0 = Debug|Any CPU
		{7E0327ED-4E98-4DDD-A966-4130F5311270}.Release|Any CPU.ActiveCfg = Release|Any CPU
		{7E0327ED-4E98-4DDD-A966-4130F5311270}.Release|Any CPU.Build.0 = Release|Any CPU
	EndGlobalSection
	GlobalSection(SolutionProperties) = preSolution
		HideSolutionNode = FALSE
	EndGlobalSection
	GlobalSection(ExtensibilityGlobals) = postSolution
		SolutionGuid = {AD9799A5-5D7C-4FAB-A805-97DB2A23AD9A}
	EndGlobalSection
EndGlobal
